
Microsoft Visual Studio Solution File, Format Version 12.00
# Visual Studio 15
Project("{FAE04EC0-301F-11D3-BF4B-00C04F79EFBC}") = "HPlusSports.Android", "HPlusSports.Android\HPlusSports.Android.csproj", "{78081D6B-11E5-4402-8226-B5BFF05EBE67}"
EndProject
Project("{FAE04EC0-301F-11D3-BF4B-00C04F79EFBC}") = "HPlusSports.iOS", "HPlusSports.iOS\HPlusSports.iOS.csproj", "{9F033275-3105-4B14-BEC3-E693331F935B}"
EndProject
Project("{FAE04EC0-301F-11D3-BF4B-00C04F79EFBC}") = "HPlusSports", "HPlusSports\HPlusSports.csproj", "{84339203-641D-42D7-9B48-C26565D8E174}"
EndProject
Global
	GlobalSection(SolutionConfigurationPlatforms) = preSolution
		Debug|Any CPU = Debug|Any CPU
		Release|Any CPU = Release|Any CPU
		Debug|iPhoneSimulator = Debug|iPhoneSimulator
		Release|iPhoneSimulator = Release|iPhoneSimulator
		Debug|iPhone = Debug|iPhone
		Release|iPhone = Release|iPhone
		Ad-Hoc|iPhone = Ad-Hoc|iPhone
		AppStore|iPhone = AppStore|iPhone
	EndGlobalSection
	GlobalSection(ProjectConfigurationPlatforms) = postSolution
		{78081D6B-11E5-4402-8226-B5BFF05EBE67}.Debug|Any CPU.ActiveCfg = Debug|Any CPU
		{78081D6B-11E5-4402-8226-B5BFF05EBE67}.Debug|Any CPU.Build.0 = Debug|Any CPU
		{78081D6B-11E5-4402-8226-B5BFF05EBE67}.Release|Any CPU.ActiveCfg = Release|Any CPU
		{78081D6B-11E5-4402-8226-B5BFF05EBE67}.Release|Any CPU.Build.0 = Release|Any CPU
		{78081D6B-11E5-4402-8226-B5BFF05EBE67}.Debug|iPhoneSimulator.ActiveCfg = Debug|Any CPU
		{78081D6B-11E5-4402-8226-B5BFF05EBE67}.Debug|iPhoneSimulator.Build.0 = Debug|Any CPU
		{78081D6B-11E5-4402-8226-B5BFF05EBE67}.Release|iPhoneSimulator.ActiveCfg = Release|Any CPU
		{78081D6B-11E5-4402-8226-B5BFF05EBE67}.Release|iPhoneSimulator.Build.0 = Release|Any CPU
		{78081D6B-11E5-4402-8226-B5BFF05EBE67}.Debug|iPhone.ActiveCfg = Debug|Any CPU
		{78081D6B-11E5-4402-8226-B5BFF05EBE67}.Debug|iPhone.Build.0 = Debug|Any CPU
		{78081D6B-11E5-4402-8226-B5BFF05EBE67}.Release|iPhone.ActiveCfg = Release|Any CPU
		{78081D6B-11E5-4402-8226-B5BFF05EBE67}.Release|iPhone.Build.0 = Release|Any CPU
		{78081D6B-11E5-4402-8226-B5BFF05EBE67}.Ad-Hoc|iPhone.ActiveCfg = Debug|Any CPU
		{78081D6B-11E5-4402-8226-B5BFF05EBE67}.Ad-Hoc|iPhone.Build.0 = Debug|Any CPU
		{78081D6B-11E5-4402-8226-B5BFF05EBE67}.AppStore|iPhone.ActiveCfg = Debug|Any CPU
		{78081D6B-11E5-4402-8226-B5BFF05EBE67}.AppStore|iPhone.Build.0 = Debug|Any CPU
		{9F033275-3105-4B14-BEC3-E693331F935B}.Debug|Any CPU.ActiveCfg = Debug|iPhoneSimulator
		{9F033275-3105-4B14-BEC3-E693331F935B}.Debug|Any CPU.Build.0 = Debug|iPhoneSimulator
		{9F033275-3105-4B14-BEC3-E693331F935B}.Release|Any CPU.ActiveCfg = Release|iPhoneSimulator
		{9F033275-3105-4B14-BEC3-E693331F935B}.Release|Any CPU.Build.0 = Release|iPhoneSimulator
		{9F033275-3105-4B14-BEC3-E693331F935B}.Debug|iPhoneSimulator.ActiveCfg = Debug|iPhoneSimulator
		{9F033275-3105-4B14-BEC3-E693331F935B}.Debug|iPhoneSimulator.Build.0 = Debug|iPhoneSimulator
		{9F033275-3105-4B14-BEC3-E693331F935B}.Release|iPhoneSimulator.ActiveCfg = Release|iPhoneSimulator
		{9F033275-3105-4B14-BEC3-E693331F935B}.Release|iPhoneSimulator.Build.0 = Release|iPhoneSimulator
		{9F033275-3105-4B14-BEC3-E693331F935B}.Debug|iPhone.ActiveCfg = Debug|iPhone
		{9F033275-3105-4B14-BEC3-E693331F935B}.Debug|iPhone.Build.0 = Debug|iPhone
		{9F033275-3105-4B14-BEC3-E693331F935B}.Release|iPhone.ActiveCfg = Release|iPhone
		{9F033275-3105-4B14-BEC3-E693331F935B}.Release|iPhone.Build.0 = Release|iPhone
		{9F033275-3105-4B14-BEC3-E693331F935B}.Ad-Hoc|iPhone.ActiveCfg = Ad-Hoc|iPhone
		{9F033275-3105-4B14-BEC3-E693331F935B}.Ad-Hoc|iPhone.Build.0 = Ad-Hoc|iPhone
		{9F033275-3105-4B14-BEC3-E693331F935B}.AppStore|iPhone.ActiveCfg = AppStore|iPhone
		{9F033275-3105-4B14-BEC3-E693331F935B}.AppStore|iPhone.Build.0 = AppStore|iPhone
		{84339203-641D-42D7-9B48-C26565D8E174}.Debug|Any CPU.ActiveCfg = Debug|Any CPU
		{84339203-641D-42D7-9B48-C26565D8E174}.Debug|Any CPU.Build.0 = Debug|Any CPU
		{84339203-641D-42D7-9B48-C26565D8E174}.Release|Any CPU.ActiveCfg = Release|Any CPU
		{84339203-641D-42D7-9B48-C26565D8E174}.Release|Any CPU.Build.0 = Release|Any CPU
		{84339203-641D-42D7-9B48-C26565D8E174}.Debug|iPhoneSimulator.ActiveCfg = Debug|Any CPU
		{84339203-641D-42D7-9B48-C26565D8E174}.Debug|iPhoneSimulator.Build.0 = Debug|Any CPU
		{84339203-641D-42D7-9B48-C26565D8E174}.Release|iPhoneSimulator.ActiveCfg = Release|Any CPU
		{84339203-641D-42D7-9B48-C26565D8E174}.Release|iPhoneSimulator.Build.0 = Release|Any CPU
		{84339203-641D-42D7-9B48-C26565D8E174}.Debug|iPhone.ActiveCfg = Debug|Any CPU
		{84339203-641D-42D7-9B48-C26565D8E174}.Debug|iPhone.Build.0 = Debug|Any CPU
		{84339203-641D-42D7-9B48-C26565D8E174}.Release|iPhone.ActiveCfg = Release|Any CPU
		{84339203-641D-42D7-9B48-C26565D8E174}.Release|iPhone.Build.0 = Release|Any CPU
		{84339203-641D-42D7-9B48-C26565D8E174}.Ad-Hoc|iPhone.ActiveCfg = Debug|Any CPU
		{84339203-641D-42D7-9B48-C26565D8E174}.Ad-Hoc|iPhone.Build.0 = Debug|Any CPU
		{84339203-641D-42D7-9B48-C26565D8E174}.AppStore|iPhone.ActiveCfg = Debug|Any CPU
		{84339203-641D-42D7-9B48-C26565D8E174}.AppStore|iPhone.Build.0 = Debug|Any CPU
	EndGlobalSection
EndGlobal
